
Microsoft Visual Studio Solution File, Format Version 12.00
# Visual Studio 14
VisualStudioVersion = 14.0.25123.0
MinimumVisualStudioVersion = 10.0.40219.1
Project("{FAE04EC0-301F-11D3-BF4B-00C04F79EFBC}") = "App4.Droid", "App4\App4.Droid\App4.Droid.csproj", "{C3ABFCCD-3C27-4907-B0E4-35469D404F58}"
EndProject
Project("{FAE04EC0-301F-11D3-BF4B-00C04F79EFBC}") = "App4.iOS", "App4\App4.iOS\App4.iOS.csproj", "{699691D8-0F9C-4E2E-84FE-3045EF8058E5}"
EndProject
Project("{FAE04EC0-301F-11D3-BF4B-00C04F79EFBC}") = "App4.WinPhone", "App4\App4.WinPhone\App4.WinPhone.csproj", "{355E5D4F-0B8B-48B0-9B63-CF1AF1F41878}"
EndProject
Project("{FAE04EC0-301F-11D3-BF4B-00C04F79EFBC}") = "App4.Windows", "App4\App4.Windows\App4.Windows.csproj", "{C987457A-EA07-46E1-B105-AA565972CDCE}"
EndProject
Project("{D954291E-2A0B-460D-934E-DC6B0785DB48}") = "App4", "App4\App4\App4.shproj", "{7C7F66DB-1DAD-47EB-8B82-C367748442CA}"
EndProject
Global
	GlobalSection(SharedMSBuildProjectFiles) = preSolution
		App4\App4\App4.projitems*{c987457a-ea07-46e1-b105-aa565972cdce}*SharedItemsImports = 4
		App4\App4\App4.projitems*{7c7f66db-1dad-47eb-8b82-c367748442ca}*SharedItemsImports = 13
		App4\App4\App4.projitems*{c3abfccd-3c27-4907-b0e4-35469d404f58}*SharedItemsImports = 4
		App4\App4\App4.projitems*{355e5d4f-0b8b-48b0-9b63-cf1af1f41878}*SharedItemsImports = 4
		App4\App4\App4.projitems*{699691d8-0f9c-4e2e-84fe-3045ef8058e5}*SharedItemsImports = 4
	EndGlobalSection
	GlobalSection(SolutionConfigurationPlatforms) = preSolution
		Ad-Hoc|Any CPU = Ad-Hoc|Any CPU
		Ad-Hoc|ARM = Ad-Hoc|ARM
		Ad-Hoc|iPhone = Ad-Hoc|iPhone
		Ad-Hoc|iPhoneSimulator = Ad-Hoc|iPhoneSimulator
		Ad-Hoc|x64 = Ad-Hoc|x64
		Ad-Hoc|x86 = Ad-Hoc|x86
		AppStore|Any CPU = AppStore|Any CPU
		AppStore|ARM = AppStore|ARM
		AppStore|iPhone = AppStore|iPhone
		AppStore|iPhoneSimulator = AppStore|iPhoneSimulator
		AppStore|x64 = AppStore|x64
		AppStore|x86 = AppStore|x86
		Debug|Any CPU = Debug|Any CPU
		Debug|ARM = Debug|ARM
		Debug|iPhone = Debug|iPhone
		Debug|iPhoneSimulator = Debug|iPhoneSimulator
		Debug|x64 = Debug|x64
		Debug|x86 = Debug|x86
		Release|Any CPU = Release|Any CPU
		Release|ARM = Release|ARM
		Release|iPhone = Release|iPhone
		Release|iPhoneSimulator = Release|iPhoneSimulator
		Release|x64 = Release|x64
		Release|x86 = Release|x86
	EndGlobalSection
	GlobalSection(ProjectConfigurationPlatforms) = postSolution
		{C3ABFCCD-3C27-4907-B0E4-35469D404F58}.Ad-Hoc|Any CPU.ActiveCfg = Release|Any CPU
		{C3ABFCCD-3C27-4907-B0E4-35469D404F58}.Ad-Hoc|Any CPU.Build.0 = Release|Any CPU
		{C3ABFCCD-3C27-4907-B0E4-35469D404F58}.Ad-Hoc|Any CPU.Deploy.0 = Release|Any CPU
		{C3ABFCCD-3C27-4907-B0E4-35469D404F58}.Ad-Hoc|ARM.ActiveCfg = Release|Any CPU
		{C3ABFCCD-3C27-4907-B0E4-35469D404F58}.Ad-Hoc|ARM.Build.0 = Release|Any CPU
		{C3ABFCCD-3C27-4907-B0E4-35469D404F58}.Ad-Hoc|ARM.Deploy.0 = Release|Any CPU
		{C3ABFCCD-3C27-4907-B0E4-35469D404F58}.Ad-Hoc|iPhone.ActiveCfg = Release|Any CPU
		{C3ABFCCD-3C27-4907-B0E4-35469D404F58}.Ad-Hoc|iPhone.Build.0 = Release|Any CPU
		{C3ABFCCD-3C27-4907-B0E4-35469D404F58}.Ad-Hoc|iPhone.Deploy.0 = Release|Any CPU
		{C3ABFCCD-3C27-4907-B0E4-35469D404F58}.Ad-Hoc|iPhoneSimulator.ActiveCfg = Release|Any CPU
		{C3ABFCCD-3C27-4907-B0E4-35469D404F58}.Ad-Hoc|iPhoneSimulator.Build.0 = Release|Any CPU
		{C3ABFCCD-3C27-4907-B0E4-35469D404F58}.Ad-Hoc|iPhoneSimulator.Deploy.0 = Release|Any CPU
		{C3ABFCCD-3C27-4907-B0E4-35469D404F58}.Ad-Hoc|x64.ActiveCfg = Release|Any CPU
		{C3ABFCCD-3C27-4907-B0E4-35469D404F58}.Ad-Hoc|x64.Build.0 = Release|Any CPU
		{C3ABFCCD-3C27-4907-B0E4-35469D404F58}.Ad-Hoc|x64.Deploy.0 = Release|Any CPU
		{C3ABFCCD-3C27-4907-B0E4-35469D404F58}.Ad-Hoc|x86.ActiveCfg = Release|Any CPU
		{C3ABFCCD-3C27-4907-B0E4-35469D404F58}.Ad-Hoc|x86.Build.0 = Release|Any CPU
		{C3ABFCCD-3C27-4907-B0E4-35469D404F58}.Ad-Hoc|x86.Deploy.0 = Release|Any CPU
		{C3ABFCCD-3C27-4907-B0E4-35469D404F58}.AppStore|Any CPU.ActiveCfg = Release|Any CPU
		{C3ABFCCD-3C27-4907-B0E4-35469D404F58}.AppStore|Any CPU.Build.0 = Release|Any CPU
		{C3ABFCCD-3C27-4907-B0E4-35469D404F58}.AppStore|Any CPU.Deploy.0 = Release|Any CPU
		{C3ABFCCD-3C27-4907-B0E4-35469D404F58}.AppStore|ARM.ActiveCfg = Release|Any CPU
		{C3ABFCCD-3C27-4907-B0E4-35469D404F58}.AppStore|ARM.Build.0 = Release|Any CPU
		{C3ABFCCD-3C27-4907-B0E4-35469D404F58}.AppStore|ARM.Deploy.0 = Release|Any CPU
		{C3ABFCCD-3C27-4907-B0E4-35469D404F58}.AppStore|iPhone.ActiveCfg = Release|Any CPU
		{C3ABFCCD-3C27-4907-B0E4-35469D404F58}.AppStore|iPhone.Build.0 = Release|Any CPU
		{C3ABFCCD-3C27-4907-B0E4-35469D404F58}.AppStore|iPhone.Deploy.0 = Release|Any CPU
		{C3ABFCCD-3C27-4907-B0E4-35469D404F58}.AppStore|iPhoneSimulator.ActiveCfg = Release|Any CPU
		{C3ABFCCD-3C27-4907-B0E4-35469D404F58}.AppStore|iPhoneSimulator.Build.0 = Release|Any CPU
		{C3ABFCCD-3C27-4907-B0E4-35469D404F58}.AppStore|iPhoneSimulator.Deploy.0 = Release|Any CPU
		{C3ABFCCD-3C27-4907-B0E4-35469D404F58}.AppStore|x64.ActiveCfg = Release|Any CPU
		{C3ABFCCD-3C27-4907-B0E4-35469D404F58}.AppStore|x64.Build.0 = Release|Any CPU
		{C3ABFCCD-3C27-4907-B0E4-35469D404F58}.AppStore|x64.Deploy.0 = Release|Any CPU
		{C3ABFCCD-3C27-4907-B0E4-35469D404F58}.AppStore|x86.ActiveCfg = Release|Any CPU
		{C3ABFCCD-3C27-4907-B0E4-35469D404F58}.AppStore|x86.Build.0 = Release|Any CPU
		{C3ABFCCD-3C27-4907-B0E4-35469D404F58}.AppStore|x86.Deploy.0 = Release|Any CPU
		{C3ABFCCD-3C27-4907-B0E4-35469D404F58}.Debug|Any CPU.ActiveCfg = Debug|Any CPU
		{C3ABFCCD-3C27-4907-B0E4-35469D404F58}.Debug|Any CPU.Build.0 = Debug|Any CPU
		{C3ABFCCD-3C27-4907-B0E4-35469D404F58}.Debug|Any CPU.Deploy.0 = Debug|Any CPU
		{C3ABFCCD-3C27-4907-B0E4-35469D404F58}.Debug|ARM.ActiveCfg = Debug|Any CPU
		{C3ABFCCD-3C27-4907-B0E4-35469D404F58}.Debug|ARM.Build.0 = Debug|Any CPU
		{C3ABFCCD-3C27-4907-B0E4-35469D404F58}.Debug|ARM.Deploy.0 = Debug|Any CPU
		{C3ABFCCD-3C27-4907-B0E4-35469D404F58}.Debug|iPhone.ActiveCfg = Debug|Any CPU
		{C3ABFCCD-3C27-4907-B0E4-35469D404F58}.Debug|iPhone.Build.0 = Debug|Any CPU
		{C3ABFCCD-3C27-4907-B0E4-35469D404F58}.Debug|iPhone.Deploy.0 = Debug|Any CPU
		{C3ABFCCD-3C27-4907-B0E4-35469D404F58}.Debug|iPhoneSimulator.ActiveCfg = Debug|Any CPU
		{C3ABFCCD-3C27-4907-B0E4-35469D404F58}.Debug|iPhoneSimulator.Build.0 = Debug|Any CPU
		{C3ABFCCD-3C27-4907-B0E4-35469D404F58}.Debug|iPhoneSimulator.Deploy.0 = Debug|Any CPU
		{C3ABFCCD-3C27-4907-B0E4-35469D404F58}.Debug|x64.ActiveCfg = Debug|Any CPU
		{C3ABFCCD-3C27-4907-B0E4-35469D404F58}.Debug|x64.Build.0 = Debug|Any CPU
		{C3ABFCCD-3C27-4907-B0E4-35469D404F58}.Debug|x64.Deploy.0 = Debug|Any CPU
		{C3ABFCCD-3C27-4907-B0E4-35469D404F58}.Debug|x86.ActiveCfg = Debug|Any CPU
		{C3ABFCCD-3C27-4907-B0E4-35469D404F58}.Debug|x86.Build.0 = Debug|Any CPU
		{C3ABFCCD-3C27-4907-B0E4-35469D404F58}.Debug|x86.Deploy.0 = Debug|Any CPU
		{C3ABFCCD-3C27-4907-B0E4-35469D404F58}.Release|Any CPU.ActiveCfg = Release|Any CPU
		{C3ABFCCD-3C27-4907-B0E4-35469D404F58}.Release|Any CPU.Build.0 = Release|Any CPU
		{C3ABFCCD-3C27-4907-B0E4-35469D404F58}.Release|Any CPU.Deploy.0 = Release|Any CPU
		{C3ABFCCD-3C27-4907-B0E4-35469D404F58}.Release|ARM.ActiveCfg = Release|Any CPU
		{C3ABFCCD-3C27-4907-B0E4-35469D404F58}.Release|ARM.Build.0 = Release|Any CPU
		{C3ABFCCD-3C27-4907-B0E4-35469D404F58}.Release|ARM.Deploy.0 = Release|Any CPU
		{C3ABFCCD-3C27-4907-B0E4-35469D404F58}.Release|iPhone.ActiveCfg = Release|Any CPU
		{C3ABFCCD-3C27-4907-B0E4-35469D404F58}.Release|iPhone.Build.0 = Release|Any CPU
		{C3ABFCCD-3C27-4907-B0E4-35469D404F58}.Release|iPhone.Deploy.0 = Release|Any CPU
		{C3ABFCCD-3C27-4907-B0E4-35469D404F58}.Release|iPhoneSimulator.ActiveCfg = Release|Any CPU
		{C3ABFCCD-3C27-4907-B0E4-35469D404F58}.Release|iPhoneSimulator.Build.0 = Release|Any CPU
		{C3ABFCCD-3C27-4907-B0E4-35469D404F58}.Release|iPhoneSimulator.Deploy.0 = Release|Any CPU
		{C3ABFCCD-3C27-4907-B0E4-35469D404F58}.Release|x64.ActiveCfg = Release|Any CPU
		{C3ABFCCD-3C27-4907-B0E4-35469D404F58}.Release|x64.Build.0 = Release|Any CPU
		{C3ABFCCD-3C27-4907-B0E4-35469D404F58}.Release|x64.Deploy.0 = Release|Any CPU
		{C3ABFCCD-3C27-4907-B0E4-35469D404F58}.Release|x86.ActiveCfg = Release|Any CPU
		{C3ABFCCD-3C27-4907-B0E4-35469D404F58}.Release|x86.Build.0 = Release|Any CPU
		{C3ABFCCD-3C27-4907-B0E4-35469D404F58}.Release|x86.Deploy.0 = Release|Any CPU
		{699691D8-0F9C-4E2E-84FE-3045EF8058E5}.Ad-Hoc|Any CPU.ActiveCfg = Ad-Hoc|iPhone
		{699691D8-0F9C-4E2E-84FE-3045EF8058E5}.Ad-Hoc|ARM.ActiveCfg = Ad-Hoc|iPhone
		{699691D8-0F9C-4E2E-84FE-3045EF8058E5}.Ad-Hoc|iPhone.ActiveCfg = Ad-Hoc|iPhone
		{699691D8-0F9C-4E2E-84FE-3045EF8058E5}.Ad-Hoc|iPhone.Build.0 = Ad-Hoc|iPhone
		{699691D8-0F9C-4E2E-84FE-3045EF8058E5}.Ad-Hoc|iPhoneSimulator.ActiveCfg = Ad-Hoc|iPhoneSimulator
		{699691D8-0F9C-4E2E-84FE-3045EF8058E5}.Ad-Hoc|iPhoneSimulator.Build.0 = Ad-Hoc|iPhoneSimulator
		{699691D8-0F9C-4E2E-84FE-3045EF8058E5}.Ad-Hoc|x64.ActiveCfg = Ad-Hoc|iPhone
		{699691D8-0F9C-4E2E-84FE-3045EF8058E5}.Ad-Hoc|x86.ActiveCfg = Ad-Hoc|iPhone
		{699691D8-0F9C-4E2E-84FE-3045EF8058E5}.AppStore|Any CPU.ActiveCfg = AppStore|iPhone
		{699691D8-0F9C-4E2E-84FE-3045EF8058E5}.AppStore|ARM.ActiveCfg = AppStore|iPhone
		{699691D8-0F9C-4E2E-84FE-3045EF8058E5}.AppStore|iPhone.ActiveCfg = AppStore|iPhone
		{699691D8-0F9C-4E2E-84FE-3045EF8058E5}.AppStore|iPhone.Build.0 = AppStore|iPhone
		{699691D8-0F9C-4E2E-84FE-3045EF8058E5}.AppStore|iPhoneSimulator.ActiveCfg = AppStore|iPhoneSimulator
		{699691D8-0F9C-4E2E-84FE-3045EF8058E5}.AppStore|iPhoneSimulator.Build.0 = AppStore|iPhoneSimulator
		{699691D8-0F9C-4E2E-84FE-3045EF8058E5}.AppStore|x64.ActiveCfg = AppStore|iPhone
		{699691D8-0F9C-4E2E-84FE-3045EF8058E5}.AppStore|x86.ActiveCfg = AppStore|iPhone
		{699691D8-0F9C-4E2E-84FE-3045EF8058E5}.Debug|Any CPU.ActiveCfg = Debug|iPhone
		{699691D8-0F9C-4E2E-84FE-3045EF8058E5}.Debug|ARM.ActiveCfg = Debug|iPhone
		{699691D8-0F9C-4E2E-84FE-3045EF8058E5}.Debug|iPhone.ActiveCfg = Debug|iPhone
		{699691D8-0F9C-4E2E-84FE-3045EF8058E5}.Debug|iPhone.Build.0 = Debug|iPhone
		{699691D8-0F9C-4E2E-84FE-3045EF8058E5}.Debug|iPhoneSimulator.ActiveCfg = Debug|iPhoneSimulator
		{699691D8-0F9C-4E2E-84FE-3045EF8058E5}.Debug|iPhoneSimulator.Build.0 = Debug|iPhoneSimulator
		{699691D8-0F9C-4E2E-84FE-3045EF8058E5}.Debug|x64.ActiveCfg = Debug|iPhone
		{699691D8-0F9C-4E2E-84FE-3045EF8058E5}.Debug|x86.ActiveCfg = Debug|iPhone
		{699691D8-0F9C-4E2E-84FE-3045EF8058E5}.Release|Any CPU.ActiveCfg = Release|iPhone
		{699691D8-0F9C-4E2E-84FE-3045EF8058E5}.Release|ARM.ActiveCfg = Release|iPhone
		{699691D8-0F9C-4E2E-84FE-3045EF8058E5}.Release|iPhone.ActiveCfg = Release|iPhone
		{699691D8-0F9C-4E2E-84FE-3045EF8058E5}.Release|iPhone.Build.0 = Release|iPhone
		{699691D8-0F9C-4E2E-84FE-3045EF8058E5}.Release|iPhoneSimulator.ActiveCfg = Release|iPhoneSimulator
		{699691D8-0F9C-4E2E-84FE-3045EF8058E5}.Release|iPhoneSimulator.Build.0 = Release|iPhoneSimulator
		{699691D8-0F9C-4E2E-84FE-3045EF8058E5}.Release|x64.ActiveCfg = Release|iPhone
		{699691D8-0F9C-4E2E-84FE-3045EF8058E5}.Release|x86.ActiveCfg = Release|iPhone
		{355E5D4F-0B8B-48B0-9B63-CF1AF1F41878}.Ad-Hoc|Any CPU.ActiveCfg = Release|Any CPU
		{355E5D4F-0B8B-48B0-9B63-CF1AF1F41878}.Ad-Hoc|Any CPU.Build.0 = Release|Any CPU
		{355E5D4F-0B8B-48B0-9B63-CF1AF1F41878}.Ad-Hoc|Any CPU.Deploy.0 = Release|Any CPU
		{355E5D4F-0B8B-48B0-9B63-CF1AF1F41878}.Ad-Hoc|ARM.ActiveCfg = Release|ARM
		{355E5D4F-0B8B-48B0-9B63-CF1AF1F41878}.Ad-Hoc|ARM.Build.0 = Release|ARM
		{355E5D4F-0B8B-48B0-9B63-CF1AF1F41878}.Ad-Hoc|ARM.Deploy.0 = Release|ARM
		{355E5D4F-0B8B-48B0-9B63-CF1AF1F41878}.Ad-Hoc|iPhone.ActiveCfg = Release|Any CPU
		{355E5D4F-0B8B-48B0-9B63-CF1AF1F41878}.Ad-Hoc|iPhone.Build.0 = Release|Any CPU
		{355E5D4F-0B8B-48B0-9B63-CF1AF1F41878}.Ad-Hoc|iPhone.Deploy.0 = Release|Any CPU
		{355E5D4F-0B8B-48B0-9B63-CF1AF1F41878}.Ad-Hoc|iPhoneSimulator.ActiveCfg = Release|Any CPU
		{355E5D4F-0B8B-48B0-9B63-CF1AF1F41878}.Ad-Hoc|iPhoneSimulator.Build.0 = Release|Any CPU
		{355E5D4F-0B8B-48B0-9B63-CF1AF1F41878}.Ad-Hoc|iPhoneSimulator.Deploy.0 = Release|Any CPU
		{355E5D4F-0B8B-48B0-9B63-CF1AF1F41878}.Ad-Hoc|x64.ActiveCfg = Release|Any CPU
		{355E5D4F-0B8B-48B0-9B63-CF1AF1F41878}.Ad-Hoc|x64.Build.0 = Release|Any CPU
		{355E5D4F-0B8B-48B0-9B63-CF1AF1F41878}.Ad-Hoc|x64.Deploy.0 = Release|Any CPU
		{355E5D4F-0B8B-48B0-9B63-CF1AF1F41878}.Ad-Hoc|x86.ActiveCfg = Release|x86
		{355E5D4F-0B8B-48B0-9B63-CF1AF1F41878}.Ad-Hoc|x86.Build.0 = Release|x86
		{355E5D4F-0B8B-48B0-9B63-CF1AF1F41878}.Ad-Hoc|x86.Deploy.0 = Release|x86
		{355E5D4F-0B8B-48B0-9B63-CF1AF1F41878}.AppStore|Any CPU.ActiveCfg = Release|Any CPU
		{355E5D4F-0B8B-48B0-9B63-CF1AF1F41878}.AppStore|Any CPU.Build.0 = Release|Any CPU
		{355E5D4F-0B8B-48B0-9B63-CF1AF1F41878}.AppStore|Any CPU.Deploy.0 = Release|Any CPU
		{355E5D4F-0B8B-48B0-9B63-CF1AF1F41878}.AppStore|ARM.ActiveCfg = Release|ARM
		{355E5D4F-0B8B-48B0-9B63-CF1AF1F41878}.AppStore|ARM.Build.0 = Release|ARM
		{355E5D4F-0B8B-48B0-9B63-CF1AF1F41878}.AppStore|ARM.Deploy.0 = Release|ARM
		{355E5D4F-0B8B-48B0-9B63-CF1AF1F41878}.AppStore|iPhone.ActiveCfg = Release|Any CPU
		{355E5D4F-0B8B-48B0-9B63-CF1AF1F41878}.AppStore|iPhone.Build.0 = Release|Any CPU
		{355E5D4F-0B8B-48B0-9B63-CF1AF1F41878}.AppStore|iPhone.Deploy.0 = Release|Any CPU
		{355E5D4F-0B8B-48B0-9B63-CF1AF1F41878}.AppStore|iPhoneSimulator.ActiveCfg = Release|Any CPU
		{355E5D4F-0B8B-48B0-9B63-CF1AF1F41878}.AppStore|iPhoneSimulator.Build.0 = Release|Any CPU
		{355E5D4F-0B8B-48B0-9B63-CF1AF1F41878}.AppStore|iPhoneSimulator.Deploy.0 = Release|Any CPU
		{355E5D4F-0B8B-48B0-9B63-CF1AF1F41878}.AppStore|x64.ActiveCfg = Release|Any CPU
		{355E5D4F-0B8B-48B0-9B63-CF1AF1F41878}.AppStore|x64.Build.0 = Release|Any CPU
		{355E5D4F-0B8B-48B0-9B63-CF1AF1F41878}.AppStore|x64.Deploy.0 = Release|Any CPU
		{355E5D4F-0B8B-48B0-9B63-CF1AF1F41878}.AppStore|x86.ActiveCfg = Release|x86
		{355E5D4F-0B8B-48B0-9B63-CF1AF1F41878}.AppStore|x86.Build.0 = Release|x86
		{355E5D4F-0B8B-48B0-9B63-CF1AF1F41878}.AppStore|x86.Deploy.0 = Release|x86
		{355E5D4F-0B8B-48B0-9B63-CF1AF1F41878}.Debug|Any CPU.ActiveCfg = Debug|Any CPU
		{355E5D4F-0B8B-48B0-9B63-CF1AF1F41878}.Debug|Any CPU.Build.0 = Debug|Any CPU
		{355E5D4F-0B8B-48B0-9B63-CF1AF1F41878}.Debug|Any CPU.Deploy.0 = Debug|Any CPU
		{355E5D4F-0B8B-48B0-9B63-CF1AF1F41878}.Debug|ARM.ActiveCfg = Debug|ARM
		{355E5D4F-0B8B-48B0-9B63-CF1AF1F41878}.Debug|ARM.Build.0 = Debug|ARM
		{355E5D4F-0B8B-48B0-9B63-CF1AF1F41878}.Debug|ARM.Deploy.0 = Debug|ARM
		{355E5D4F-0B8B-48B0-9B63-CF1AF1F41878}.Debug|iPhone.ActiveCfg = Debug|Any CPU
		{355E5D4F-0B8B-48B0-9B63-CF1AF1F41878}.Debug|iPhone.Build.0 = Debug|Any CPU
		{355E5D4F-0B8B-48B0-9B63-CF1AF1F41878}.Debug|iPhone.Deploy.0 = Debug|Any CPU
		{355E5D4F-0B8B-48B0-9B63-CF1AF1F41878}.Debug|iPhoneSimulator.ActiveCfg = Debug|Any CPU
		{355E5D4F-0B8B-48B0-9B63-CF1AF1F41878}.Debug|iPhoneSimulator.Build.0 = Debug|Any CPU
		{355E5D4F-0B8B-48B0-9B63-CF1AF1F41878}.Debug|iPhoneSimulator.Deploy.0 = Debug|Any CPU
		{355E5D4F-0B8B-48B0-9B63-CF1AF1F41878}.Debug|x64.ActiveCfg = Debug|Any CPU
		{355E5D4F-0B8B-48B0-9B63-CF1AF1F41878}.Debug|x64.Build.0 = Debug|Any CPU
		{355E5D4F-0B8B-48B0-9B63-CF1AF1F41878}.Debug|x64.Deploy.0 = Debug|Any CPU
		{355E5D4F-0B8B-48B0-9B63-CF1AF1F41878}.Debug|x86.ActiveCfg = Debug|x86
		{355E5D4F-0B8B-48B0-9B63-CF1AF1F41878}.Debug|x86.Build.0 = Debug|x86
		{355E5D4F-0B8B-48B0-9B63-CF1AF1F41878}.Debug|x86.Deploy.0 = Debug|x86
		{355E5D4F-0B8B-48B0-9B63-CF1AF1F41878}.Release|Any CPU.ActiveCfg = Release|Any CPU
		{355E5D4F-0B8B-48B0-9B63-CF1AF1F41878}.Release|Any CPU.Build.0 = Release|Any CPU
		{355E5D4F-0B8B-48B0-9B63-CF1AF1F41878}.Release|Any CPU.Deploy.0 = Release|Any CPU
		{355E5D4F-0B8B-48B0-9B63-CF1AF1F41878}.Release|ARM.ActiveCfg = Release|ARM
		{355E5D4F-0B8B-48B0-9B63-CF1AF1F41878}.Release|ARM.Build.0 = Release|ARM
		{355E5D4F-0B8B-48B0-9B63-CF1AF1F41878}.Release|ARM.Deploy.0 = Release|ARM
		{355E5D4F-0B8B-48B0-9B63-CF1AF1F41878}.Release|iPhone.ActiveCfg = Release|Any CPU
		{355E5D4F-0B8B-48B0-9B63-CF1AF1F41878}.Release|iPhone.Build.0 = Release|Any CPU
		{355E5D4F-0B8B-48B0-9B63-CF1AF1F41878}.Release|iPhone.Deploy.0 = Release|Any CPU
		{355E5D4F-0B8B-48B0-9B63-CF1AF1F41878}.Release|iPhoneSimulator.ActiveCfg = Release|Any CPU
		{355E5D4F-0B8B-48B0-9B63-CF1AF1F41878}.Release|iPhoneSimulator.Build.0 = Release|Any CPU
		{355E5D4F-0B8B-48B0-9B63-CF1AF1F41878}.Release|iPhoneSimulator.Deploy.0 = Release|Any CPU
		{355E5D4F-0B8B-48B0-9B63-CF1AF1F41878}.Release|x64.ActiveCfg = Release|Any CPU
		{355E5D4F-0B8B-48B0-9B63-CF1AF1F41878}.Release|x64.Build.0 = Release|Any CPU
		{355E5D4F-0B8B-48B0-9B63-CF1AF1F41878}.Release|x64.Deploy.0 = Release|Any CPU
		{355E5D4F-0B8B-48B0-9B63-CF1AF1F41878}.Release|x86.ActiveCfg = Release|x86
		{355E5D4F-0B8B-48B0-9B63-CF1AF1F41878}.Release|x86.Build.0 = Release|x86
		{355E5D4F-0B8B-48B0-9B63-CF1AF1F41878}.Release|x86.Deploy.0 = Release|x86
		{C987457A-EA07-46E1-B105-AA565972CDCE}.Ad-Hoc|Any CPU.ActiveCfg = Release|Any CPU
		{C987457A-EA07-46E1-B105-AA565972CDCE}.Ad-Hoc|Any CPU.Build.0 = Release|Any CPU
		{C987457A-EA07-46E1-B105-AA565972CDCE}.Ad-Hoc|Any CPU.Deploy.0 = Release|Any CPU
		{C987457A-EA07-46E1-B105-AA565972CDCE}.Ad-Hoc|ARM.ActiveCfg = Release|ARM
		{C987457A-EA07-46E1-B105-AA565972CDCE}.Ad-Hoc|ARM.Build.0 = Release|ARM
		{C987457A-EA07-46E1-B105-AA565972CDCE}.Ad-Hoc|ARM.Deploy.0 = Release|ARM
		{C987457A-EA07-46E1-B105-AA565972CDCE}.Ad-Hoc|iPhone.ActiveCfg = Release|Any CPU
		{C987457A-EA07-46E1-B105-AA565972CDCE}.Ad-Hoc|iPhone.Build.0 = Release|Any CPU
		{C987457A-EA07-46E1-B105-AA565972CDCE}.Ad-Hoc|iPhone.Deploy.0 = Release|Any CPU
		{C987457A-EA07-46E1-B105-AA565972CDCE}.Ad-Hoc|iPhoneSimulator.ActiveCfg = Release|Any CPU
		{C987457A-EA07-46E1-B105-AA565972CDCE}.Ad-Hoc|iPhoneSimulator.Build.0 = Release|Any CPU
		{C987457A-EA07-46E1-B105-AA565972CDCE}.Ad-Hoc|iPhoneSimulator.Deploy.0 = Release|Any CPU
		{C987457A-EA07-46E1-B105-AA565972CDCE}.Ad-Hoc|x64.ActiveCfg = Release|x64
		{C987457A-EA07-46E1-B105-AA565972CDCE}.Ad-Hoc|x64.Build.0 = Release|x64
		{C987457A-EA07-46E1-B105-AA565972CDCE}.Ad-Hoc|x64.Deploy.0 = Release|x64
		{C987457A-EA07-46E1-B105-AA565972CDCE}.Ad-Hoc|x86.ActiveCfg = Release|x86
		{C987457A-EA07-46E1-B105-AA565972CDCE}.Ad-Hoc|x86.Build.0 = Release|x86
		{C987457A-EA07-46E1-B105-AA565972CDCE}.Ad-Hoc|x86.Deploy.0 = Release|x86
		{C987457A-EA07-46E1-B105-AA565972CDCE}.AppStore|Any CPU.ActiveCfg = Release|Any CPU
		{C987457A-EA07-46E1-B105-AA565972CDCE}.AppStore|Any CPU.Build.0 = Release|Any CPU
		{C987457A-EA07-46E1-B105-AA565972CDCE}.AppStore|Any CPU.Deploy.0 = Release|Any CPU
		{C987457A-EA07-46E1-B105-AA565972CDCE}.AppStore|ARM.ActiveCfg = Release|ARM
		{C987457A-EA07-46E1-B105-AA565972CDCE}.AppStore|ARM.Build.0 = Release|ARM
		{C987457A-EA07-46E1-B105-AA565972CDCE}.AppStore|ARM.Deploy.0 = Release|ARM
		{C987457A-EA07-46E1-B105-AA565972CDCE}.AppStore|iPhone.ActiveCfg = Release|Any CPU
		{C987457A-EA07-46E1-B105-AA565972CDCE}.AppStore|iPhone.Build.0 = Release|Any CPU
		{C987457A-EA07-46E1-B105-AA565972CDCE}.AppStore|iPhone.Deploy.0 = Release|Any CPU
		{C987457A-EA07-46E1-B105-AA565972CDCE}.AppStore|iPhoneSimulator.ActiveCfg = Release|Any CPU
		{C987457A-EA07-46E1-B105-AA565972CDCE}.AppStore|iPhoneSimulator.Build.0 = Release|Any CPU
		{C987457A-EA07-46E1-B105-AA565972CDCE}.AppStore|iPhoneSimulator.Deploy.0 = Release|Any CPU
		{C987457A-EA07-46E1-B105-AA565972CDCE}.AppStore|x64.ActiveCfg = Release|x64
		{C987457A-EA07-46E1-B105-AA565972CDCE}.AppStore|x64.Build.0 = Release|x64
		{C987457A-EA07-46E1-B105-AA565972CDCE}.AppStore|x64.Deploy.0 = Release|x64
		{C987457A-EA07-46E1-B105-AA565972CDCE}.AppStore|x86.ActiveCfg = Release|x86
		{C987457A-EA07-46E1-B105-AA565972CDCE}.AppStore|x86.Build.0 = Release|x86
		{C987457A-EA07-46E1-B105-AA565972CDCE}.AppStore|x86.Deploy.0 = Release|x86
		{C987457A-EA07-46E1-B105-AA565972CDCE}.Debug|Any CPU.ActiveCfg = Debug|Any CPU
		{C987457A-EA07-46E1-B105-AA565972CDCE}.Debug|Any CPU.Build.0 = Debug|Any CPU
		{C987457A-EA07-46E1-B105-AA565972CDCE}.Debug|Any CPU.Deploy.0 = Debug|Any CPU
		{C987457A-EA07-46E1-B105-AA565972CDCE}.Debug|ARM.ActiveCfg = Debug|ARM
		{C987457A-EA07-46E1-B105-AA565972CDCE}.Debug|ARM.Build.0 = Debug|ARM
		{C987457A-EA07-46E1-B105-AA565972CDCE}.Debug|ARM.Deploy.0 = Debug|ARM
		{C987457A-EA07-46E1-B105-AA565972CDCE}.Debug|iPhone.ActiveCfg = Debug|Any CPU
		{C987457A-EA07-46E1-B105-AA565972CDCE}.Debug|iPhone.Build.0 = Debug|Any CPU
		{C987457A-EA07-46E1-B105-AA565972CDCE}.Debug|iPhone.Deploy.0 = Debug|Any CPU
		{C987457A-EA07-46E1-B105-AA565972CDCE}.Debug|iPhoneSimulator.ActiveCfg = Debug|Any CPU
		{C987457A-EA07-46E1-B105-AA565972CDCE}.Debug|iPhoneSimulator.Build.0 = Debug|Any CPU
		{C987457A-EA07-46E1-B105-AA565972CDCE}.Debug|iPhoneSimulator.Deploy.0 = Debug|Any CPU
		{C987457A-EA07-46E1-B105-AA565972CDCE}.Debug|x64.ActiveCfg = Debug|x64
		{C987457A-EA07-46E1-B105-AA565972CDCE}.Debug|x64.Build.0 = Debug|x64
		{C987457A-EA07-46E1-B105-AA565972CDCE}.Debug|x64.Deploy.0 = Debug|x64
		{C987457A-EA07-46E1-B105-AA565972CDCE}.Debug|x86.ActiveCfg = Debug|x86
		{C987457A-EA07-46E1-B105-AA565972CDCE}.Debug|x86.Build.0 = Debug|x86
		{C987457A-EA07-46E1-B105-AA565972CDCE}.Debug|x86.Deploy.0 = Debug|x86
		{C987457A-EA07-46E1-B105-AA565972CDCE}.Release|Any CPU.ActiveCfg = Release|Any CPU
		{C987457A-EA07-46E1-B105-AA565972CDCE}.Release|Any CPU.Build.0 = Release|Any CPU
		{C987457A-EA07-46E1-B105-AA565972CDCE}.Release|Any CPU.Deploy.0 = Release|Any CPU
		{C987457A-EA07-46E1-B105-AA565972CDCE}.Release|ARM.ActiveCfg = Release|ARM
		{C987457A-EA07-46E1-B105-AA565972CDCE}.Release|ARM.Build.0 = Release|ARM
		{C987457A-EA07-46E1-B105-AA565972CDCE}.Release|ARM.Deploy.0 = Release|ARM
		{C987457A-EA07-46E1-B105-AA565972CDCE}.Release|iPhone.ActiveCfg = Release|Any CPU
		{C987457A-EA07-46E1-B105-AA565972CDCE}.Release|iPhone.Build.0 = Release|Any CPU
		{C987457A-EA07-46E1-B105-AA565972CDCE}.Release|iPhone.Deploy.0 = Release|Any CPU
		{C987457A-EA07-46E1-B105-AA565972CDCE}.Release|iPhoneSimulator.ActiveCfg = Release|Any CPU
		{C987457A-EA07-46E1-B105-AA565972CDCE}.Release|iPhoneSimulator.Build.0 = Release|Any CPU
		{C987457A-EA07-46E1-B105-AA565972CDCE}.Release|iPhoneSimulator.Deploy.0 = Release|Any CPU
		{C987457A-EA07-46E1-B105-AA565972CDCE}.Release|x64.ActiveCfg = Release|x64
		{C987457A-EA07-46E1-B105-AA565972CDCE}.Release|x64.Build.0 = Release|x64
		{C987457A-EA07-46E1-B105-AA565972CDCE}.Release|x64.Deploy.0 = Release|x64
		{C987457A-EA07-46E1-B105-AA565972CDCE}.Release|x86.ActiveCfg = Release|x86
		{C987457A-EA07-46E1-B105-AA565972CDCE}.Release|x86.Build.0 = Release|x86
		{C987457A-EA07-46E1-B105-AA565972CDCE}.Release|x86.Deploy.0 = Release|x86
	EndGlobalSection
	GlobalSection(SolutionProperties) = preSolution
		HideSolutionNode = FALSE
	EndGlobalSection
EndGlobal
